{
  "name": "ellsp",
  "version": "0.0.1",
  "lockfileVersion": 3,
  "requires": true,
  "packages": {
    "": {
      "name": "ellsp",
      "version": "0.0.1",
      "license": "GPL-3.0-or-later",
      "dependencies": {
        "which": "^4.0.0"
      },
      "bin": {
        "ellsp": "start.js"
      }
    },
    "node_modules/isexe": {
      "version": "3.1.1",
      "resolved": "https://registry.npmjs.org/isexe/-/isexe-3.1.1.tgz",
      "integrity": "sha512-LpB/54B+/2J5hqQ7imZHfdU31OlgQqx7ZicVlkm9kzg9/w8GKLEcFfJl/t7DCEDueOyBAD6zCCwTO6Fzs0NoEQ==",
      "engines": {
        "node": ">=16"
      }
    },
    "node_modules/which": {
      "version": "4.0.0",
      "resolved": "https://registry.npmjs.org/which/-/which-4.0.0.tgz",
      "integrity": "sha512-GlaYyEb07DPxYCKhKzplCWBJtvxZcZMrL+4UkrTSJHHPyZU4mYYTv3qaOe77H7EODLSSopAUFAc6W8U4yqvscg==",
      "dependencies": {
        "isexe": "^3.1.1"
      },
      "bin": {
        "node-which": "bin/which.js"
      },
      "engines": {
        "node": "^16.13.0 || >=18.0.0"
      }
    }
  }
}
